
Microsoft Visual Studio Solution File, Format Version 12.00
# Visual Studio 14
VisualStudioVersion = 14.0.25420.1
MinimumVisualStudioVersion = 10.0.40219.1
Project("{FAE04EC0-301F-11D3-BF4B-00C04F79EFBC}") = "CarPark", "CarPark\CarPark.csproj", "{4F71B37C-052A-4D4E-B69B-56FEDD7A6FA7}"
EndProject
Project("{FAE04EC0-301F-11D3-BF4B-00C04F79EFBC}") = "CarParkTest", "CarParkTest\CarParkTest.csproj", "{22A94DC3-1487-4B10-AAD1-05322E41CB97}"
EndProject
Global
	GlobalSection(SolutionConfigurationPlatforms) = preSolution
		Debug|Any CPU = Debug|Any CPU
		Release|Any CPU = Release|Any CPU
	EndGlobalSection
	GlobalSection(ProjectConfigurationPlatforms) = postSolution
		{4F71B37C-052A-4D4E-B69B-56FEDD7A6FA7}.Debug|Any CPU.ActiveCfg = Debug|Any CPU
		{4F71B37C-052A-4D4E-B69B-56FEDD7A6FA7}.Debug|Any CPU.Build.0 = Debug|Any CPU
		{4F71B37C-052A-4D4E-B69B-56FEDD7A6FA7}.Release|Any CPU.ActiveCfg = Release|Any CPU
		{4F71B37C-052A-4D4E-B69B-56FEDD7A6FA7}.Release|Any CPU.Build.0 = Release|Any CPU
		{22A94DC3-1487-4B10-AAD1-05322E41CB97}.Debug|Any CPU.ActiveCfg = Debug|Any CPU
		{22A94DC3-1487-4B10-AAD1-05322E41CB97}.Debug|Any CPU.Build.0 = Debug|Any CPU
		{22A94DC3-1487-4B10-AAD1-05322E41CB97}.Release|Any CPU.ActiveCfg = Release|Any CPU
		{22A94DC3-1487-4B10-AAD1-05322E41CB97}.Release|Any CPU.Build.0 = Release|Any CPU
	EndGlobalSection
	GlobalSection(SolutionProperties) = preSolution
		HideSolutionNode = FALSE
	EndGlobalSection
EndGlobal
